
Microsoft Visual Studio Solution File, Format Version 12.00
# Visual Studio 15
VisualStudioVersion = 15.0.27004.2006
MinimumVisualStudioVersion = 10.0.40219.1
Project("{FAE04EC0-301F-11D3-BF4B-00C04F79EFBC}") = "personal_projectYP.Services", "personal_pojectYP.Services\personal_projectYP.Services.csproj", "{BC0743DE-E058-470E-A25A-DD5092D8A12C}"
EndProject
Project("{FAE04EC0-301F-11D3-BF4B-00C04F79EFBC}") = "personal_projectYP.Models", "personal_projectYP.Models\personal_projectYP.Models.csproj", "{A94503E8-4FAA-4E33-B216-FB6CE07CC525}"
EndProject
Project("{FAE04EC0-301F-11D3-BF4B-00C04F79EFBC}") = "personal_projectYP.UnitTest", "personal_projectYP.UnitTest\personal_projectYP.UnitTest.csproj", "{35C43D25-D20A-4775-998F-AC914C98E8E1}"
EndProject
Project("{FAE04EC0-301F-11D3-BF4B-00C04F79EFBC}") = "personal_projectYP.Web", "personal_projectsYP.Web\personal_projectYP.Web.csproj", "{8B1BB3A8-DF53-4C0B-9C37-696A7904253F}"
EndProject
Global
	GlobalSection(SolutionConfigurationPlatforms) = preSolution
		Debug|Any CPU = Debug|Any CPU
		Release|Any CPU = Release|Any CPU
	EndGlobalSection
	GlobalSection(ProjectConfigurationPlatforms) = postSolution
		{BC0743DE-E058-470E-A25A-DD5092D8A12C}.Debug|Any CPU.ActiveCfg = Debug|Any CPU
		{BC0743DE-E058-470E-A25A-DD5092D8A12C}.Debug|Any CPU.Build.0 = Debug|Any CPU
		{BC0743DE-E058-470E-A25A-DD5092D8A12C}.Release|Any CPU.ActiveCfg = Release|Any CPU
		{BC0743DE-E058-470E-A25A-DD5092D8A12C}.Release|Any CPU.Build.0 = Release|Any CPU
		{A94503E8-4FAA-4E33-B216-FB6CE07CC525}.Debug|Any CPU.ActiveCfg = Debug|Any CPU
		{A94503E8-4FAA-4E33-B216-FB6CE07CC525}.Debug|Any CPU.Build.0 = Debug|Any CPU
		{A94503E8-4FAA-4E33-B216-FB6CE07CC525}.Release|Any CPU.ActiveCfg = Release|Any CPU
		{A94503E8-4FAA-4E33-B216-FB6CE07CC525}.Release|Any CPU.Build.0 = Release|Any CPU
		{35C43D25-D20A-4775-998F-AC914C98E8E1}.Debug|Any CPU.ActiveCfg = Debug|Any CPU
		{35C43D25-D20A-4775-998F-AC914C98E8E1}.Debug|Any CPU.Build.0 = Debug|Any CPU
		{35C43D25-D20A-4775-998F-AC914C98E8E1}.Release|Any CPU.ActiveCfg = Release|Any CPU
		{35C43D25-D20A-4775-998F-AC914C98E8E1}.Release|Any CPU.Build.0 = Release|Any CPU
		{8B1BB3A8-DF53-4C0B-9C37-696A7904253F}.Debug|Any CPU.ActiveCfg = Debug|Any CPU
		{8B1BB3A8-DF53-4C0B-9C37-696A7904253F}.Debug|Any CPU.Build.0 = Debug|Any CPU
		{8B1BB3A8-DF53-4C0B-9C37-696A7904253F}.Release|Any CPU.ActiveCfg = Release|Any CPU
		{8B1BB3A8-DF53-4C0B-9C37-696A7904253F}.Release|Any CPU.Build.0 = Release|Any CPU
	EndGlobalSection
	GlobalSection(SolutionProperties) = preSolution
		HideSolutionNode = FALSE
	EndGlobalSection
	GlobalSection(ExtensibilityGlobals) = postSolution
		SolutionGuid = {83AF4773-8289-496C-8912-B638F7DC1AE1}
	EndGlobalSection
EndGlobal
